{
  "name": "openjustice-sder",
  "version": "1.0.0",
  "lockfileVersion": 1,
  "requires": true,
  "dependencies": {
    "@babel/runtime": {
      "version": "7.13.10",
      "resolved": "https://registry.npmjs.org/@babel/runtime/-/runtime-7.13.10.tgz",
      "integrity": "sha512-4QPkjJq6Ns3V/RgpEahRk+AGfL0eO6RHHtTWoNNr5mO49G6B5+X6d6THgWEAvTrznU5xYpbAlVKRYcsCgh/Akw==",
      "requires": {
        "regenerator-runtime": "^0.13.4"
      }
    },
    "@breejs/later": {
      "version": "4.0.2",
      "resolved": "https://registry.npmjs.org/@breejs/later/-/later-4.0.2.tgz",
      "integrity": "sha512-EN0SlbyYouBdtZis1htdsgGlwFePzkXPwdIeqaBaavxkJT1G2/bitc2LSixjv45z2njXslxlJI1mW2O/Gmrb+A=="
    },
    "@ladjs/graceful": {
      "version": "1.0.5",
      "resolved": "https://registry.npmjs.org/@ladjs/graceful/-/graceful-1.0.5.tgz",
      "integrity": "sha512-9PGgrRkAi2zCRfYbeZGXAerBjcDxH0KgtidnPtyFSOC7fp0eHWN7TzdWlYpBAamzIOG10Xumxe5Xq3BxhP7Jqw==",
      "requires": {
        "debug": "^4.2.0"
      },
      "dependencies": {
        "debug": {
          "version": "4.3.1",
          "resolved": "https://registry.npmjs.org/debug/-/debug-4.3.1.tgz",
          "integrity": "sha512-doEwdvm4PCeK4K3RQN2ZC2BYUBaxwLARCqZmMjtF8a51J2Rb0xpVloFRnCODwqjpwnAoao4pelN8l3RJdv3gRQ==",
          "requires": {
            "ms": "2.1.2"
          }
        },
        "ms": {
          "version": "2.1.2",
          "resolved": "https://registry.npmjs.org/ms/-/ms-2.1.2.tgz",
          "integrity": "sha512-sGkPx+VjMtmA6MX27oA4FBFELFCZZ4S4XqeGOXCv68tT+jb3vk/RyaKWP0PTKyWtmLSM0b+adUTEvbs1PEaH2w=="
        }
      }
    },
    "@types/lodash": {
      "version": "4.14.168",
      "resolved": "https://registry.npmjs.org/@types/lodash/-/lodash-4.14.168.tgz",
      "integrity": "sha512-oVfRvqHV/V6D1yifJbVRU3TMp8OT6o6BG+U9MkwuJ3U8/CsDHvalRpsxBqivn71ztOFZBTfJMvETbqHiaNSj7Q=="
    },
    "async": {
      "version": "3.2.0",
      "resolved": "https://registry.npmjs.org/async/-/async-3.2.0.tgz",
      "integrity": "sha512-TR2mEZFVOj2pLStYxLht7TyfuRzaydfpxr3k9RpHIzMgw7A64dzsdqCxH1WJyQdoe8T10nDXd9wnEigmiuHIZw=="
    },
    "bl": {
      "version": "2.2.1",
      "resolved": "https://registry.npmjs.org/bl/-/bl-2.2.1.tgz",
      "integrity": "sha512-6Pesp1w0DEX1N550i/uGV/TqucVL4AM/pgThFSN/Qq9si1/DF9aIHs1BxD8V/QU0HoeHO6cQRTAuYnLPKq1e4g==",
      "requires": {
        "readable-stream": "^2.3.5",
        "safe-buffer": "^5.1.1"
      }
    },
    "boolean": {
      "version": "3.0.2",
      "resolved": "https://registry.npmjs.org/boolean/-/boolean-3.0.2.tgz",
      "integrity": "sha512-RwywHlpCRc3/Wh81MiCKun4ydaIFyW5Ea6JbL6sRCVx5q5irDw7pMXBUFYF/jArQ6YrG36q0kpovc9P/Kd3I4g=="
    },
    "bree": {
      "version": "6.2.0",
      "resolved": "https://registry.npmjs.org/bree/-/bree-6.2.0.tgz",
      "integrity": "sha512-8Ol69LQXeLUSgkRWiA1VXpK4+eYax6Qb6oL0Z2d3a57gJGuYRiJE0aqmprXOirlEdSyTKMDXys393u85XDlQfQ==",
      "requires": {
        "@babel/runtime": "^7.12.5",
        "@breejs/later": "^4.0.2",
        "boolean": "^3.0.2",
        "bthreads": "^0.5.1",
        "combine-errors": "^3.0.3",
        "cron-validate": "^1.4.1",
        "debug": "^4.3.1",
        "human-interval": "^2.0.0",
        "is-string-and-not-blank": "^0.0.2",
        "is-valid-path": "^0.1.1",
        "ms": "^2.1.2",
        "p-wait-for": "3.1.0",
        "safe-timers": "^1.1.0"
      },
      "dependencies": {
        "debug": {
          "version": "4.3.1",
          "resolved": "https://registry.npmjs.org/debug/-/debug-4.3.1.tgz",
          "integrity": "sha512-doEwdvm4PCeK4K3RQN2ZC2BYUBaxwLARCqZmMjtF8a51J2Rb0xpVloFRnCODwqjpwnAoao4pelN8l3RJdv3gRQ==",
          "requires": {
            "ms": "2.1.2"
          },
          "dependencies": {
            "ms": {
              "version": "2.1.2",
              "resolved": "https://registry.npmjs.org/ms/-/ms-2.1.2.tgz",
              "integrity": "sha512-sGkPx+VjMtmA6MX27oA4FBFELFCZZ4S4XqeGOXCv68tT+jb3vk/RyaKWP0PTKyWtmLSM0b+adUTEvbs1PEaH2w=="
            }
          }
        }
      }
    },
    "bson": {
      "version": "1.1.6",
      "resolved": "https://registry.npmjs.org/bson/-/bson-1.1.6.tgz",
      "integrity": "sha512-EvVNVeGo4tHxwi8L6bPj3y3itEvStdwvvlojVxxbyYfoaxJ6keLgrTuKdyfEAszFK+H3olzBuafE0yoh0D1gdg=="
    },
    "bthreads": {
      "version": "0.5.1",
      "resolved": "https://registry.npmjs.org/bthreads/-/bthreads-0.5.1.tgz",
      "integrity": "sha512-nK7Jo9ll+r1FRMNPWEFRTZMQrX6HhX8JjPAofxmbTNILHqWVIJPmWzCi9JlX/K0DL5AKZTFZg2Qser5C6gVs9A==",
      "requires": {
        "bufio": "~1.0.5"
      }
    },
    "bufio": {
      "version": "1.0.7",
      "resolved": "https://registry.npmjs.org/bufio/-/bufio-1.0.7.tgz",
      "integrity": "sha512-bd1dDQhiC+bEbEfg56IdBv7faWa6OipMs/AFFFvtFnB3wAYjlwQpQRZ0pm6ZkgtfL0pILRXhKxOiQj6UzoMR7A=="
    },
    "combine-errors": {
      "version": "3.0.3",
      "resolved": "https://registry.npmjs.org/combine-errors/-/combine-errors-3.0.3.tgz",
      "integrity": "sha1-9N9nQAg+VwOjGBEQwrEFUfAD2oY=",
      "requires": {
        "custom-error-instance": "2.1.1",
        "lodash.uniqby": "4.5.0"
      }
    },
    "core-util-is": {
      "version": "1.0.2",
      "resolved": "https://registry.npmjs.org/core-util-is/-/core-util-is-1.0.2.tgz",
      "integrity": "sha1-tf1UIgqivFq1eqtxQMlAdUUDwac="
    },
    "cron-validate": {
      "version": "1.4.2",
      "resolved": "https://registry.npmjs.org/cron-validate/-/cron-validate-1.4.2.tgz",
      "integrity": "sha512-GdjNeiZjNA9u6BItfhnd1MFPbT86wmJ2/2BwDQyXZY0mb9nhLSeh3PVKk7G185qfUSwbtGNtCLrKI/9pclvGrg==",
      "requires": {
        "yup": "0.32.8"
      }
    },
    "custom-error-instance": {
      "version": "2.1.1",
      "resolved": "https://registry.npmjs.org/custom-error-instance/-/custom-error-instance-2.1.1.tgz",
      "integrity": "sha1-PPY5FIemYppiR+sMoM4ACBt+Nho="
    },
    "debug": {
      "version": "3.2.7",
      "resolved": "https://registry.npmjs.org/debug/-/debug-3.2.7.tgz",
      "integrity": "sha512-CFjzYYAi4ThfiQvizrFQevTTXHtnCqWfe7x1AhgEscTz6ZbLbfoLRLPugTQyBth6f8ZERVUSyWHFD/7Wu4t1XQ==",
      "requires": {
        "ms": "^2.1.1"
      }
    },
    "denque": {
      "version": "1.5.0",
      "resolved": "https://registry.npmjs.org/denque/-/denque-1.5.0.tgz",
      "integrity": "sha512-CYiCSgIF1p6EUByQPlGkKnP1M9g0ZV3qMIrqMqZqdwazygIA/YP2vrbcyl1h/WppKJTdl1F85cXIle+394iDAQ=="
    },
    "dotenv": {
      "version": "8.2.0",
      "resolved": "https://registry.npmjs.org/dotenv/-/dotenv-8.2.0.tgz",
      "integrity": "sha512-8sJ78ElpbDJBHNeBzUbUVLsqKdccaa/BXF1uPTw3GrvQTBgrQrtObr2mUrE38vzYd8cEv+m/JBfDLioYcfXoaw=="
    },
    "fast-xml-parser": {
      "version": "3.19.0",
      "resolved": "https://registry.npmjs.org/fast-xml-parser/-/fast-xml-parser-3.19.0.tgz",
      "integrity": "sha512-4pXwmBplsCPv8FOY1WRakF970TjNGnGnfbOnLqjlYvMiF1SR3yOHyxMR/YCXpPTOspNF5gwudqktIP4VsWkvBg=="
    },
    "he": {
      "version": "1.2.0",
      "resolved": "https://registry.npmjs.org/he/-/he-1.2.0.tgz",
      "integrity": "sha512-F/1DnUGPopORZi0ni+CvrCgHQ5FyEAHRLSApuYWMmrbSwoN2Mn/7k+Gl38gJnR7yyDZk6WLXwiGod1JOWNDKGw=="
    },
    "human-interval": {
      "version": "2.0.1",
      "resolved": "https://registry.npmjs.org/human-interval/-/human-interval-2.0.1.tgz",
      "integrity": "sha512-r4Aotzf+OtKIGQCB3odUowy4GfUDTy3aTWTfLd7ZF2gBCy3XW3v/dJLRefZnOFFnjqs5B1TypvS8WarpBkYUNQ==",
      "requires": {
        "numbered": "^1.1.0"
      }
    },
    "iconv-lite": {
      "version": "0.6.2",
      "resolved": "https://registry.npmjs.org/iconv-lite/-/iconv-lite-0.6.2.tgz",
      "integrity": "sha512-2y91h5OpQlolefMPmUlivelittSWy0rP+oYVpn6A7GwVHNE8AWzoYOBNmlwks3LobaJxgHCYZAnyNo2GgpNRNQ==",
      "requires": {
        "safer-buffer": ">= 2.1.2 < 3.0.0"
      }
    },
    "inherits": {
      "version": "2.0.4",
      "resolved": "https://registry.npmjs.org/inherits/-/inherits-2.0.4.tgz",
      "integrity": "sha512-k/vGaX4/Yla3WzyMCvTQOXYeIHvqOKtnqBduzTHpzpQZzAskKMhZ2K+EnBiSM9zGSoIFeMpXKxa4dYeZIQqewQ=="
    },
    "is-extglob": {
      "version": "1.0.0",
      "resolved": "https://registry.npmjs.org/is-extglob/-/is-extglob-1.0.0.tgz",
      "integrity": "sha1-rEaBd8SUNAWgkvyPKXYMb/xiBsA="
    },
    "is-glob": {
      "version": "2.0.1",
      "resolved": "https://registry.npmjs.org/is-glob/-/is-glob-2.0.1.tgz",
      "integrity": "sha1-0Jb5JqPe1WAPP9/ZEZjLCIjC2GM=",
      "requires": {
        "is-extglob": "^1.0.0"
      }
    },
    "is-invalid-path": {
      "version": "0.1.0",
      "resolved": "https://registry.npmjs.org/is-invalid-path/-/is-invalid-path-0.1.0.tgz",
      "integrity": "sha1-MHqFWzzxqTi0TqcNLGEQYFNxTzQ=",
      "requires": {
        "is-glob": "^2.0.0"
      }
    },
    "is-string-and-not-blank": {
      "version": "0.0.2",
      "resolved": "https://registry.npmjs.org/is-string-and-not-blank/-/is-string-and-not-blank-0.0.2.tgz",
      "integrity": "sha512-FyPGAbNVyZpTeDCTXnzuwbu9/WpNXbCfbHXLpCRpN4GANhS00eEIP5Ef+k5HYSNIzIhdN9zRDoBj6unscECvtQ==",
      "requires": {
        "is-string-blank": "^1.0.1"
      }
    },
    "is-string-blank": {
      "version": "1.0.1",
      "resolved": "https://registry.npmjs.org/is-string-blank/-/is-string-blank-1.0.1.tgz",
      "integrity": "sha512-9H+ZBCVs3L9OYqv8nuUAzpcT9OTgMD1yAWrG7ihlnibdkbtB850heAmYWxHuXc4CHy4lKeK69tN+ny1K7gBIrw=="
    },
    "is-valid-path": {
      "version": "0.1.1",
      "resolved": "https://registry.npmjs.org/is-valid-path/-/is-valid-path-0.1.1.tgz",
      "integrity": "sha1-EQ+f90w39mPh7HkV60UfLbk6yd8=",
      "requires": {
        "is-invalid-path": "^0.1.0"
      }
    },
    "isarray": {
      "version": "1.0.0",
      "resolved": "https://registry.npmjs.org/isarray/-/isarray-1.0.0.tgz",
      "integrity": "sha1-u5NdSFgsuhaMBoNJV6VKPgcSTxE="
    },
    "lodash": {
      "version": "4.17.21",
      "resolved": "https://registry.npmjs.org/lodash/-/lodash-4.17.21.tgz",
      "integrity": "sha512-v2kDEe57lecTulaDIuNTPy3Ry4gLGJ6Z1O3vE1krgXZNrsQ+LFTGHVxVjcXPs17LhbZVGedAJv8XZ1tvj5FvSg=="
    },
    "lodash-es": {
      "version": "4.17.21",
      "resolved": "https://registry.npmjs.org/lodash-es/-/lodash-es-4.17.21.tgz",
      "integrity": "sha512-mKnC+QJ9pWVzv+C4/U3rRsHapFfHvQFoFB92e52xeyGMcX6/OlIl78je1u8vePzYZSkkogMPJ2yjxxsb89cxyw=="
    },
    "lodash._baseiteratee": {
      "version": "4.7.0",
      "resolved": "https://registry.npmjs.org/lodash._baseiteratee/-/lodash._baseiteratee-4.7.0.tgz",
      "integrity": "sha1-NKm1VDVycnw9sueO2uPA6eZr0QI=",
      "requires": {
        "lodash._stringtopath": "~4.8.0"
      }
    },
    "lodash._basetostring": {
      "version": "4.12.0",
      "resolved": "https://registry.npmjs.org/lodash._basetostring/-/lodash._basetostring-4.12.0.tgz",
      "integrity": "sha1-kyfJ3FFYhmt/pLnUL0Y45XZt2d8="
    },
    "lodash._baseuniq": {
      "version": "4.6.0",
      "resolved": "https://registry.npmjs.org/lodash._baseuniq/-/lodash._baseuniq-4.6.0.tgz",
      "integrity": "sha1-DrtE5FaBSveQXGIS+iybLVG4Qeg=",
      "requires": {
        "lodash._createset": "~4.0.0",
        "lodash._root": "~3.0.0"
      }
    },
    "lodash._createset": {
      "version": "4.0.3",
      "resolved": "https://registry.npmjs.org/lodash._createset/-/lodash._createset-4.0.3.tgz",
      "integrity": "sha1-D0ZZ+7CddRlPqeK4imZE02PJ/iY="
    },
    "lodash._root": {
      "version": "3.0.1",
      "resolved": "https://registry.npmjs.org/lodash._root/-/lodash._root-3.0.1.tgz",
      "integrity": "sha1-+6HEUkwZ7ppfgTa0YJ8BfPTe1pI="
    },
    "lodash._stringtopath": {
      "version": "4.8.0",
      "resolved": "https://registry.npmjs.org/lodash._stringtopath/-/lodash._stringtopath-4.8.0.tgz",
      "integrity": "sha1-lBvPDmQmbl/B1m/tCmlZVExXaCQ=",
      "requires": {
        "lodash._basetostring": "~4.12.0"
      }
    },
    "lodash.uniqby": {
      "version": "4.5.0",
      "resolved": "https://registry.npmjs.org/lodash.uniqby/-/lodash.uniqby-4.5.0.tgz",
      "integrity": "sha1-o6F7v2LutiQPSRhG6XwcTipeHiE=",
      "requires": {
        "lodash._baseiteratee": "~4.7.0",
        "lodash._baseuniq": "~4.6.0"
      }
    },
    "memory-pager": {
      "version": "1.5.0",
      "resolved": "https://registry.npmjs.org/memory-pager/-/memory-pager-1.5.0.tgz",
      "integrity": "sha512-ZS4Bp4r/Zoeq6+NLJpP+0Zzm0pR8whtGPf1XExKLJBAczGMnSi3It14OiNCStjQjM6NU1okjQGSxgEZN8eBYKg==",
      "optional": true
    },
    "mongodb": {
      "version": "3.6.5",
      "resolved": "https://registry.npmjs.org/mongodb/-/mongodb-3.6.5.tgz",
      "integrity": "sha512-mQlYKw1iGbvJJejcPuyTaytq0xxlYbIoVDm2FODR+OHxyEiMR021vc32bTvamgBjCswsD54XIRwhg3yBaWqJjg==",
      "requires": {
        "bl": "^2.2.1",
        "bson": "^1.1.4",
        "denque": "^1.4.1",
        "require_optional": "^1.0.1",
        "safe-buffer": "^5.1.2",
        "saslprep": "^1.0.0"
      }
    },
    "ms": {
      "version": "2.1.3",
      "resolved": "https://registry.npmjs.org/ms/-/ms-2.1.3.tgz",
      "integrity": "sha512-6FlzubTLZG3J2a/NVCAleEhjzq5oxgHyaCU9yYXvcLsvoVaHJq/s5xXI6/XXP6tz7R9xAOtHnSO/tXtF3WRTlA=="
    },
    "nanoclone": {
      "version": "0.2.1",
      "resolved": "https://registry.npmjs.org/nanoclone/-/nanoclone-0.2.1.tgz",
      "integrity": "sha512-wynEP02LmIbLpcYw8uBKpcfF6dmg2vcpKqxeH5UcoKEYdExslsdUA4ugFauuaeYdTB76ez6gJW8XAZ6CgkXYxA=="
    },
    "needle": {
      "version": "2.6.0",
      "resolved": "https://registry.npmjs.org/needle/-/needle-2.6.0.tgz",
      "integrity": "sha512-KKYdza4heMsEfSWD7VPUIz3zX2XDwOyX2d+geb4vrERZMT5RMU6ujjaD+I5Yr54uZxQ2w6XRTAhHBbSCyovZBg==",
      "requires": {
        "debug": "^3.2.6",
        "iconv-lite": "^0.4.4",
        "sax": "^1.2.4"
      },
      "dependencies": {
        "iconv-lite": {
          "version": "0.4.24",
          "resolved": "https://registry.npmjs.org/iconv-lite/-/iconv-lite-0.4.24.tgz",
          "integrity": "sha512-v3MXnZAcvnywkTUEZomIActle7RXXeedOR31wwl7VlyoXO4Qi9arvSenNQWne1TcRwhCL1HwLI21bEqdpj8/rA==",
          "requires": {
            "safer-buffer": ">= 2.1.2 < 3"
          }
        }
      }
    },
    "numbered": {
      "version": "1.1.0",
      "resolved": "https://registry.npmjs.org/numbered/-/numbered-1.1.0.tgz",
      "integrity": "sha512-pv/ue2Odr7IfYOO0byC1KgBI10wo5YDauLhxY6/saNzAdAs0r1SotGCPzzCLNPL0xtrAwWRialLu23AAu9xO1g=="
    },
    "oracledb": {
      "version": "5.1.0",
      "resolved": "https://registry.npmjs.org/oracledb/-/oracledb-5.1.0.tgz",
      "integrity": "sha512-/IpzG729lFj8NBsA0xaOijdf6ZO3VuJbebma/hSf+VUZoIyzI/mCzBX047ramb/W8yJ1SV/HdWgs+XEczbqsXg=="
    },
    "p-finally": {
      "version": "1.0.0",
      "resolved": "https://registry.npmjs.org/p-finally/-/p-finally-1.0.0.tgz",
      "integrity": "sha1-P7z7FbiZpEEjs0ttzBi3JDNqLK4="
    },
    "p-timeout": {
      "version": "3.2.0",
      "resolved": "https://registry.npmjs.org/p-timeout/-/p-timeout-3.2.0.tgz",
      "integrity": "sha512-rhIwUycgwwKcP9yTOOFK/AKsAopjjCakVqLHePO3CC6Mir1Z99xT+R63jZxAT5lFZLa2inS5h+ZS2GvR99/FBg==",
      "requires": {
        "p-finally": "^1.0.0"
      }
    },
    "p-wait-for": {
      "version": "3.1.0",
      "resolved": "https://registry.npmjs.org/p-wait-for/-/p-wait-for-3.1.0.tgz",
      "integrity": "sha512-0Uy19uhxbssHelu9ynDMcON6BmMk6pH8551CvxROhiz3Vx+yC4RqxjyIDk2V4ll0g9177RKT++PK4zcV58uJ7A==",
      "requires": {
        "p-timeout": "^3.0.0"
      }
    },
    "process-nextick-args": {
      "version": "2.0.1",
      "resolved": "https://registry.npmjs.org/process-nextick-args/-/process-nextick-args-2.0.1.tgz",
      "integrity": "sha512-3ouUOpQhtgrbOa17J7+uxOTpITYWaGP7/AhoR3+A+/1e9skrzelGi/dXzEYyvbxubEF6Wn2ypscTKiKJFFn1ag=="
    },
    "property-expr": {
      "version": "2.0.4",
      "resolved": "https://registry.npmjs.org/property-expr/-/property-expr-2.0.4.tgz",
      "integrity": "sha512-sFPkHQjVKheDNnPvotjQmm3KD3uk1fWKUN7CrpdbwmUx3CrG3QiM8QpTSimvig5vTXmTvjz7+TDvXOI9+4rkcg=="
    },
    "readable-stream": {
      "version": "2.3.7",
      "resolved": "https://registry.npmjs.org/readable-stream/-/readable-stream-2.3.7.tgz",
      "integrity": "sha512-Ebho8K4jIbHAxnuxi7o42OrZgF/ZTNcsZj6nRKyUmkhLFq8CHItp/fy6hQZuZmP/n3yZ9VBUbp4zz/mX8hmYPw==",
      "requires": {
        "core-util-is": "~1.0.0",
        "inherits": "~2.0.3",
        "isarray": "~1.0.0",
        "process-nextick-args": "~2.0.0",
        "safe-buffer": "~5.1.1",
        "string_decoder": "~1.1.1",
        "util-deprecate": "~1.0.1"
      },
      "dependencies": {
        "safe-buffer": {
          "version": "5.1.2",
          "resolved": "https://registry.npmjs.org/safe-buffer/-/safe-buffer-5.1.2.tgz",
          "integrity": "sha512-Gd2UZBJDkXlY7GbJxfsE8/nvKkUEU1G38c1siN6QP6a9PT9MmHB8GnpscSmMJSoF8LOIrt8ud/wPtojys4G6+g=="
        }
      }
    },
    "regenerator-runtime": {
      "version": "0.13.7",
      "resolved": "https://registry.npmjs.org/regenerator-runtime/-/regenerator-runtime-0.13.7.tgz",
      "integrity": "sha512-a54FxoJDIr27pgf7IgeQGxmqUNYrcV338lf/6gH456HZ/PhX+5BcwHXG9ajESmwe6WRO0tAzRUrRmNONWgkrew=="
    },
    "require_optional": {
      "version": "1.0.1",
      "resolved": "https://registry.npmjs.org/require_optional/-/require_optional-1.0.1.tgz",
      "integrity": "sha512-qhM/y57enGWHAe3v/NcwML6a3/vfESLe/sGM2dII+gEO0BpKRUkWZow/tyloNqJyN6kXSl3RyyM8Ll5D/sJP8g==",
      "requires": {
        "resolve-from": "^2.0.0",
        "semver": "^5.1.0"
      }
    },
    "resolve-from": {
      "version": "2.0.0",
      "resolved": "https://registry.npmjs.org/resolve-from/-/resolve-from-2.0.0.tgz",
      "integrity": "sha1-lICrIOlP+h2egKgEx+oUdhGWa1c="
    },
    "safe-buffer": {
      "version": "5.2.1",
      "resolved": "https://registry.npmjs.org/safe-buffer/-/safe-buffer-5.2.1.tgz",
      "integrity": "sha512-rp3So07KcdmmKbGvgaNxQSJr7bGVSVk5S9Eq1F+ppbRo70+YeaDxkw5Dd8NPN+GD6bjnYm2VuPuCXmpuYvmCXQ=="
    },
    "safe-timers": {
      "version": "1.1.0",
      "resolved": "https://registry.npmjs.org/safe-timers/-/safe-timers-1.1.0.tgz",
      "integrity": "sha1-xYroMl2407BnMi8KTvOgytZ6rYM="
    },
    "safer-buffer": {
      "version": "2.1.2",
      "resolved": "https://registry.npmjs.org/safer-buffer/-/safer-buffer-2.1.2.tgz",
      "integrity": "sha512-YZo3K82SD7Riyi0E1EQPojLz7kpepnSQI9IyPbHHg1XXXevb5dJI7tpyN2ADxGcQbHG7vcyRHk0cbwqcQriUtg=="
    },
    "saslprep": {
      "version": "1.0.3",
      "resolved": "https://registry.npmjs.org/saslprep/-/saslprep-1.0.3.tgz",
      "integrity": "sha512-/MY/PEMbk2SuY5sScONwhUDsV2p77Znkb/q3nSVstq/yQzYJOH/Azh29p9oJLsl3LnQwSvZDKagDGBsBwSooag==",
      "optional": true,
      "requires": {
        "sparse-bitfield": "^3.0.3"
      }
    },
    "sax": {
      "version": "1.2.4",
      "resolved": "https://registry.npmjs.org/sax/-/sax-1.2.4.tgz",
      "integrity": "sha512-NqVDv9TpANUjFm0N8uM5GxL36UgKi9/atZw+x7YFnQ8ckwFGKrl4xX4yWtrey3UJm5nP1kUbnYgLopqWNSRhWw=="
    },
    "semver": {
      "version": "5.7.1",
      "resolved": "https://registry.npmjs.org/semver/-/semver-5.7.1.tgz",
      "integrity": "sha512-sauaDf/PZdVgrLTNYHRtpXa1iRiKcaebiKQ1BJdpQlWH2lCvexQdX55snPFyK7QzpudqbCI0qXFfOasHdyNDGQ=="
    },
    "sparse-bitfield": {
      "version": "3.0.3",
      "resolved": "https://registry.npmjs.org/sparse-bitfield/-/sparse-bitfield-3.0.3.tgz",
      "integrity": "sha1-/0rm5oZWBWuks+eSqzM004JzyhE=",
      "optional": true,
      "requires": {
        "memory-pager": "^1.0.2"
      }
    },
    "string_decoder": {
      "version": "1.1.1",
      "resolved": "https://registry.npmjs.org/string_decoder/-/string_decoder-1.1.1.tgz",
      "integrity": "sha512-n/ShnvDi6FHbbVfviro+WojiFzv+s8MPMHBczVePfUpDJLwoLT0ht1l4YwBCbi8pJAveEEdnkHyPyTP/mzRfwg==",
      "requires": {
        "safe-buffer": "~5.1.0"
      },
      "dependencies": {
        "safe-buffer": {
          "version": "5.1.2",
          "resolved": "https://registry.npmjs.org/safe-buffer/-/safe-buffer-5.1.2.tgz",
          "integrity": "sha512-Gd2UZBJDkXlY7GbJxfsE8/nvKkUEU1G38c1siN6QP6a9PT9MmHB8GnpscSmMJSoF8LOIrt8ud/wPtojys4G6+g=="
        }
      }
    },
    "toposort": {
      "version": "2.0.2",
      "resolved": "https://registry.npmjs.org/toposort/-/toposort-2.0.2.tgz",
      "integrity": "sha1-riF2gXXRVZ1IvvNUILL0li8JwzA="
    },
    "util-deprecate": {
      "version": "1.0.2",
      "resolved": "https://registry.npmjs.org/util-deprecate/-/util-deprecate-1.0.2.tgz",
      "integrity": "sha1-RQ1Nyfpw3nMnYvvS1KKJgUGaDM8="
    },
    "walkdir": {
      "version": "0.4.1",
      "resolved": "https://registry.npmjs.org/walkdir/-/walkdir-0.4.1.tgz",
      "integrity": "sha512-3eBwRyEln6E1MSzcxcVpQIhRG8Q1jLvEqRmCZqS3dsfXEDR/AhOF4d+jHg1qvDCpYaVRZjENPQyrVxAkQqxPgQ=="
    },
    "yup": {
      "version": "0.32.8",
      "resolved": "https://registry.npmjs.org/yup/-/yup-0.32.8.tgz",
      "integrity": "sha512-SZulv5FIZ9d5H99EN5tRCRPXL0eyoYxWIP1AacCrjC9d4DfP13J1dROdKGfpfRHT3eQB6/ikBl5jG21smAfCkA==",
      "requires": {
        "@babel/runtime": "^7.10.5",
        "@types/lodash": "^4.14.165",
        "lodash": "^4.17.20",
        "lodash-es": "^4.17.11",
        "nanoclone": "^0.2.1",
        "property-expr": "^2.0.4",
        "toposort": "^2.0.2"
      }
    }
  }
}
